
Microsoft Visual Studio Solution File, Format Version 12.00
# Visual Studio Version 17
VisualStudioVersion = 17.13.35919.96
MinimumVisualStudioVersion = 10.0.40219.1
Project("{FAE04EC0-301F-11D3-BF4B-00C04F79EFBC}") = "Eduvos Bidding System", "Eduvos Bidding System\Eduvos Bidding System.csproj", "{77C965C2-3EBC-45E8-8BC0-C0EC406AAB9B}"
EndProject
Global
	GlobalSection(SolutionConfigurationPlatforms) = preSolution
		Debug|Any CPU = Debug|Any CPU
		Release|Any CPU = Release|Any CPU
	EndGlobalSection
	GlobalSection(ProjectConfigurationPlatforms) = postSolution
		{77C965C2-3EBC-45E8-8BC0-C0EC406AAB9B}.Debug|Any CPU.ActiveCfg = Debug|Any CPU
		{77C965C2-3EBC-45E8-8BC0-C0EC406AAB9B}.Debug|Any CPU.Build.0 = Debug|Any CPU
		{77C965C2-3EBC-45E8-8BC0-C0EC406AAB9B}.Release|Any CPU.ActiveCfg = Release|Any CPU
		{77C965C2-3EBC-45E8-8BC0-C0EC406AAB9B}.Release|Any CPU.Build.0 = Release|Any CPU
	EndGlobalSection
	GlobalSection(SolutionProperties) = preSolution
		HideSolutionNode = FALSE
	EndGlobalSection
	GlobalSection(ExtensibilityGlobals) = postSolution
		SolutionGuid = {587B381F-BD96-4C9E-B76F-EF744A08B0AB}
	EndGlobalSection
EndGlobal
